
Microsoft Visual Studio Solution File, Format Version 12.00
# Visual Studio Version 17
VisualStudioVersion = 17.3.32819.101
MinimumVisualStudioVersion = 10.0.40219.1
Project("{FAE04EC0-301F-11D3-BF4B-00C04F79EFBC}") = "programa 2", "programa 2\programa 2.csproj", "{86DB16E0-A642-47A8-9CC3-C18148AC7A21}"
EndProject
Global
	GlobalSection(SolutionConfigurationPlatforms) = preSolution
		Debug|Any CPU = Debug|Any CPU
		Release|Any CPU = Release|Any CPU
	EndGlobalSection
	GlobalSection(ProjectConfigurationPlatforms) = postSolution
		{86DB16E0-A642-47A8-9CC3-C18148AC7A21}.Debug|Any CPU.ActiveCfg = Debug|Any CPU
		{86DB16E0-A642-47A8-9CC3-C18148AC7A21}.Debug|Any CPU.Build.0 = Debug|Any CPU
		{86DB16E0-A642-47A8-9CC3-C18148AC7A21}.Release|Any CPU.ActiveCfg = Release|Any CPU
		{86DB16E0-A642-47A8-9CC3-C18148AC7A21}.Release|Any CPU.Build.0 = Release|Any CPU
	EndGlobalSection
	GlobalSection(SolutionProperties) = preSolution
		HideSolutionNode = FALSE
	EndGlobalSection
	GlobalSection(ExtensibilityGlobals) = postSolution
		SolutionGuid = {8C95082C-E8AB-4DBD-A1A9-8D8AC37ED3C7}
	EndGlobalSection
EndGlobal
